
Microsoft Visual Studio Solution File, Format Version 12.00
# Visual Studio Version 17
VisualStudioVersion = 17.5.002.0
MinimumVisualStudioVersion = 10.0.40219.1
Project("{9A19103F-16F7-4668-BE54-9A1E7A4F7556}") = "PetShopAPI", "PetShopAPI.csproj", "{5358D4DC-0D0F-4E5F-B2A5-7327702F54C2}"
EndProject
Global
	GlobalSection(SolutionConfigurationPlatforms) = preSolution
		Debug|Any CPU = Debug|Any CPU
		Release|Any CPU = Release|Any CPU
	EndGlobalSection
	GlobalSection(ProjectConfigurationPlatforms) = postSolution
		{5358D4DC-0D0F-4E5F-B2A5-7327702F54C2}.Debug|Any CPU.ActiveCfg = Debug|Any CPU
		{5358D4DC-0D0F-4E5F-B2A5-7327702F54C2}.Debug|Any CPU.Build.0 = Debug|Any CPU
		{5358D4DC-0D0F-4E5F-B2A5-7327702F54C2}.Release|Any CPU.ActiveCfg = Release|Any CPU
		{5358D4DC-0D0F-4E5F-B2A5-7327702F54C2}.Release|Any CPU.Build.0 = Release|Any CPU
	EndGlobalSection
	GlobalSection(SolutionProperties) = preSolution
		HideSolutionNode = FALSE
	EndGlobalSection
	GlobalSection(ExtensibilityGlobals) = postSolution
		SolutionGuid = {A1C978B5-B5EE-4377-BB74-9BC38E202E61}
	EndGlobalSection
EndGlobal
